
Microsoft Visual Studio Solution File, Format Version 12.00
# Visual Studio Version 16
VisualStudioVersion = 16.0.31321.278
MinimumVisualStudioVersion = 10.0.40219.1
Project("{9A19103F-16F7-4668-BE54-9A1E7A4F7556}") = "api", "api.csproj", "{70AB6DFA-350E-4632-9EB8-792483A5EBFD}"
EndProject
Global
	GlobalSection(SolutionConfigurationPlatforms) = preSolution
		Debug|Any CPU = Debug|Any CPU
		Release|Any CPU = Release|Any CPU
	EndGlobalSection
	GlobalSection(ProjectConfigurationPlatforms) = postSolution
		{70AB6DFA-350E-4632-9EB8-792483A5EBFD}.Debug|Any CPU.ActiveCfg = Debug|Any CPU
		{70AB6DFA-350E-4632-9EB8-792483A5EBFD}.Debug|Any CPU.Build.0 = Debug|Any CPU
		{70AB6DFA-350E-4632-9EB8-792483A5EBFD}.Release|Any CPU.ActiveCfg = Release|Any CPU
		{70AB6DFA-350E-4632-9EB8-792483A5EBFD}.Release|Any CPU.Build.0 = Release|Any CPU
	EndGlobalSection
	GlobalSection(SolutionProperties) = preSolution
		HideSolutionNode = FALSE
	EndGlobalSection
	GlobalSection(ExtensibilityGlobals) = postSolution
		SolutionGuid = {81F7F463-1635-4DC1-B9DA-96682C972132}
	EndGlobalSection
EndGlobal
